
Microsoft Visual Studio Solution File, Format Version 12.00
# Visual Studio 15
VisualStudioVersion = 15.0.28010.2048
MinimumVisualStudioVersion = 10.0.40219.1
Project("{888888A0-9F3D-457C-B088-3A5042F75D52}") = "Hue", "Hue.pyproj", "{48630E5C-5A3D-456C-AB85-FDACD56885E2}"
EndProject
Global
	GlobalSection(SolutionConfigurationPlatforms) = preSolution
		Debug|Any CPU = Debug|Any CPU
		Release|Any CPU = Release|Any CPU
	EndGlobalSection
	GlobalSection(ProjectConfigurationPlatforms) = postSolution
		{48630E5C-5A3D-456C-AB85-FDACD56885E2}.Debug|Any CPU.ActiveCfg = Debug|Any CPU
		{48630E5C-5A3D-456C-AB85-FDACD56885E2}.Release|Any CPU.ActiveCfg = Release|Any CPU
	EndGlobalSection
	GlobalSection(SolutionProperties) = preSolution
		HideSolutionNode = FALSE
	EndGlobalSection
	GlobalSection(ExtensibilityGlobals) = postSolution
		SolutionGuid = {F5F00C5C-40FC-48B9-B696-0F16156D73AE}
	EndGlobalSection
EndGlobal
